// !$*UTF8*$!
{
	archiveVersion = 1;
	classes = {
	};
	objectVersion = 48;
	objects = {

/* Begin PBXBuildFile section */
		6F5E4CD1211194BD001807DC /* resiprocate.framework in Frameworks */ = {isa = PBXBuildFile; fileRef = 6F5E4CCF211194BC001807DC /* resiprocate.framework */; };
		6F5E4CD2211194BD001807DC /* resiprocate.framework in Embed Frameworks */ = {isa = PBXBuildFile; fileRef = 6F5E4CCF211194BC001807DC /* resiprocate.framework */; settings = {ATTRIBUTES = (CodeSignOnCopy, RemoveHeadersOnCopy, ); }; };
		6F5E4CD3211194BD001807DC /* VLVoice.framework in Frameworks */ = {isa = PBXBuildFile; fileRef = 6F5E4CD0211194BD001807DC /* VLVoice.framework */; };
		6F5E4CD4211194BD001807DC /* VLVoice.framework in Embed Frameworks */ = {isa = PBXBuildFile; fileRef = 6F5E4CD0211194BD001807DC /* VLVoice.framework */; settings = {ATTRIBUTES = (CodeSignOnCopy, RemoveHeadersOnCopy, ); }; };
		6F5F690E204FDD4D0042A625 /* AppDelegate.m in Sources */ = {isa = PBXBuildFile; fileRef = 6F5F690D204FDD4D0042A625 /* AppDelegate.m */; };
		6F5F6911204FDD4D0042A625 /* ViewController.m in Sources */ = {isa = PBXBuildFile; fileRef = 6F5F6910204FDD4D0042A625 /* ViewController.m */; };
		6F5F6914204FDD4D0042A625 /* Main.storyboard in Resources */ = {isa = PBXBuildFile; fileRef = 6F5F6912204FDD4D0042A625 /* Main.storyboard */; };
		6F5F6916204FDD4D0042A625 /* Assets.xcassets in Resources */ = {isa = PBXBuildFile; fileRef = 6F5F6915204FDD4D0042A625 /* Assets.xcassets */; };
		6F5F6919204FDD4D0042A625 /* LaunchScreen.storyboard in Resources */ = {isa = PBXBuildFile; fileRef = 6F5F6917204FDD4D0042A625 /* LaunchScreen.storyboard */; };
		6F5F691C204FDD4D0042A625 /* main.m in Sources */ = {isa = PBXBuildFile; fileRef = 6F5F691B204FDD4D0042A625 /* main.m */; };
/* End PBXBuildFile section */

/* Begin PBXCopyFilesBuildPhase section */
		6F5E4CD5211194BD001807DC /* Embed Frameworks */ = {
			isa = PBXCopyFilesBuildPhase;
			buildActionMask = 2147483647;
			dstPath = "";
			dstSubfolderSpec = 10;
			files = (
				6F5E4CD2211194BD001807DC /* resiprocate.framework in Embed Frameworks */,
				6F5E4CD4211194BD001807DC /* VLVoice.framework in Embed Frameworks */,
			);
			name = "Embed Frameworks";
			runOnlyForDeploymentPostprocessing = 0;
		};
/* End PBXCopyFilesBuildPhase section */

/* Begin PBXFileReference section */
		6F5E4CCF211194BC001807DC /* resiprocate.framework */ = {isa = PBXFileReference; lastKnownFileType = wrapper.framework; path = resiprocate.framework; sourceTree = "<group>"; };
		6F5E4CD0211194BD001807DC /* VLVoice.framework */ = {isa = PBXFileReference; lastKnownFileType = wrapper.framework; path = VLVoice.framework; sourceTree = "<group>"; };
		6F5F6909204FDD4D0042A625 /* SampleApp.app */ = {isa = PBXFileReference; explicitFileType = wrapper.application; includeInIndex = 0; path = SampleApp.app; sourceTree = BUILT_PRODUCTS_DIR; };
		6F5F690C204FDD4D0042A625 /* AppDelegate.h */ = {isa = PBXFileReference; lastKnownFileType = sourcecode.c.h; path = AppDelegate.h; sourceTree = "<group>"; };
		6F5F690D204FDD4D0042A625 /* AppDelegate.m */ = {isa = PBXFileReference; lastKnownFileType = sourcecode.c.objc; path = AppDelegate.m; sourceTree = "<group>"; };
		6F5F690F204FDD4D0042A625 /* ViewController.h */ = {isa = PBXFileReference; lastKnownFileType = sourcecode.c.h; path = ViewController.h; sourceTree = "<group>"; };
		6F5F6910204FDD4D0042A625 /* ViewController.m */ = {isa = PBXFileReference; lastKnownFileType = sourcecode.c.objc; path = ViewController.m; sourceTree = "<group>"; };
		6F5F6913204FDD4D0042A625 /* Base */ = {isa = PBXFileReference; lastKnownFileType = file.storyboard; name = Base; path = Base.lproj/Main.storyboard; sourceTree = "<group>"; };
		6F5F6915204FDD4D0042A625 /* Assets.xcassets */ = {isa = PBXFileReference; lastKnownFileType = folder.assetcatalog; path = Assets.xcassets; sourceTree = "<group>"; };
		6F5F6918204FDD4D0042A625 /* Base */ = {isa = PBXFileReference; lastKnownFileType = file.storyboard; name = Base; path = Base.lproj/LaunchScreen.storyboard; sourceTree = "<group>"; };
		6F5F691A204FDD4D0042A625 /* Info.plist */ = {isa = PBXFileReference; lastKnownFileType = text.plist.xml; path = Info.plist; sourceTree = "<group>"; };
		6F5F691B204FDD4D0042A625 /* main.m */ = {isa = PBXFileReference; lastKnownFileType = sourcecode.c.objc; path = main.m; sourceTree = "<group>"; };
		6FCC6214205FB40300C425DB /* SampleApp.entitlements */ = {isa = PBXFileReference; lastKnownFileType = text.plist.entitlements; path = SampleApp.entitlements; sourceTree = "<group>"; };
/* End PBXFileReference section */

/* Begin PBXFrameworksBuildPhase section */
		6F5F6906204FDD4D0042A625 /* Frameworks */ = {
			isa = PBXFrameworksBuildPhase;
			buildActionMask = 2147483647;
			files = (
				6F5E4CD1211194BD001807DC /* resiprocate.framework in Frameworks */,
				6F5E4CD3211194BD001807DC /* VLVoice.framework in Frameworks */,
			);
			runOnlyForDeploymentPostprocessing = 0;
		};
/* End PBXFrameworksBuildPhase section */

/* Begin PBXGroup section */
		6F5F6900204FDD4D0042A625 = {
			isa = PBXGroup;
			children = (
				6F5F690B204FDD4D0042A625 /* SampleApp */,
				6F5F690A204FDD4D0042A625 /* Products */,
				6FE63B9B20523C4B00042985 /* Frameworks */,
			);
			sourceTree = "<group>";
		};
		6F5F690A204FDD4D0042A625 /* Products */ = {
			isa = PBXGroup;
			children = (
				6F5F6909204FDD4D0042A625 /* SampleApp.app */,
			);
			name = Products;
			sourceTree = "<group>";
		};
		6F5F690B204FDD4D0042A625 /* SampleApp */ = {
			isa = PBXGroup;
			children = (
				6FCC6214205FB40300C425DB /* SampleApp.entitlements */,
				6F5F690C204FDD4D0042A625 /* AppDelegate.h */,
				6F5F690D204FDD4D0042A625 /* AppDelegate.m */,
				6F5F690F204FDD4D0042A625 /* ViewController.h */,
				6F5F6910204FDD4D0042A625 /* ViewController.m */,
				6F5F6912204FDD4D0042A625 /* Main.storyboard */,
				6F5F6915204FDD4D0042A625 /* Assets.xcassets */,
				6F5F6917204FDD4D0042A625 /* LaunchScreen.storyboard */,
				6F5F691A204FDD4D0042A625 /* Info.plist */,
				6F5F691B204FDD4D0042A625 /* main.m */,
			);
			path = SampleApp;
			sourceTree = "<group>";
		};
		6FE63B9B20523C4B00042985 /* Frameworks */ = {
			isa = PBXGroup;
			children = (
				6F5E4CCF211194BC001807DC /* resiprocate.framework */,
				6F5E4CD0211194BD001807DC /* VLVoice.framework */,
			);
			name = Frameworks;
			sourceTree = "<group>";
		};
/* End PBXGroup section */

/* Begin PBXNativeTarget section */
		6F5F6908204FDD4D0042A625 /* SampleApp */ = {
			isa = PBXNativeTarget;
			buildConfigurationList = 6F5F691F204FDD4D0042A625 /* Build configuration list for PBXNativeTarget "SampleApp" */;
			buildPhases = (
				6F5F6905204FDD4D0042A625 /* Sources */,
				6F5F6906204FDD4D0042A625 /* Frameworks */,
				6F5F6907204FDD4D0042A625 /* Resources */,
				6F5E4CD5211194BD001807DC /* Embed Frameworks */,
			);
			buildRules = (
			);
			dependencies = (
			);
			name = SampleApp;
			productName = SampleApp;
			productReference = 6F5F6909204FDD4D0042A625 /* SampleApp.app */;
			productType = "com.apple.product-type.application";
		};
/* End PBXNativeTarget section */

/* Begin PBXProject section */
		6F5F6901204FDD4D0042A625 /* Project object */ = {
			isa = PBXProject;
			attributes = {
				LastUpgradeCheck = 0920;
				ORGANIZATIONNAME = voiceloco;
				TargetAttributes = {
					6F5F6908204FDD4D0042A625 = {
						CreatedOnToolsVersion = 9.2;
						ProvisioningStyle = Manual;
						SystemCapabilities = {
							com.apple.BackgroundModes = {
								enabled = 1;
							};
							com.apple.Push = {
								enabled = 1;
							};
						};
					};
				};
			};
			buildConfigurationList = 6F5F6904204FDD4D0042A625 /* Build configuration list for PBXProject "SampleApp" */;
			compatibilityVersion = "Xcode 8.0";
			developmentRegion = en;
			hasScannedForEncodings = 0;
			knownRegions = (
				en,
				Base,
			);
			mainGroup = 6F5F6900204FDD4D0042A625;
			productRefGroup = 6F5F690A204FDD4D0042A625 /* Products */;
			projectDirPath = "";
			projectRoot = "";
			targets = (
				6F5F6908204FDD4D0042A625 /* SampleApp */,
			);
		};
/* End PBXProject section */

/* Begin PBXResourcesBuildPhase section */
		6F5F6907204FDD4D0042A625 /* Resources */ = {
			isa = PBXResourcesBuildPhase;
			buildActionMask = 2147483647;
			files = (
				6F5F6919204FDD4D0042A625 /* LaunchScreen.storyboard in Resources */,
				6F5F6916204FDD4D0042A625 /* Assets.xcassets in Resources */,
				6F5F6914204FDD4D0042A625 /* Main.storyboard in Resources */,
			);
			runOnlyForDeploymentPostprocessing = 0;
		};
/* End PBXResourcesBuildPhase section */

/* Begin PBXSourcesBuildPhase section */
		6F5F6905204FDD4D0042A625 /* Sources */ = {
			isa = PBXSourcesBuildPhase;
			buildActionMask = 2147483647;
			files = (
				6F5F6911204FDD4D0042A625 /* ViewController.m in Sources */,
				6F5F691C204FDD4D0042A625 /* main.m in Sources */,
				6F5F690E204FDD4D0042A625 /* AppDelegate.m in Sources */,
			);
			runOnlyForDeploymentPostprocessing = 0;
		};
/* End PBXSourcesBuildPhase section */

/* Begin PBXVariantGroup section */
		6F5F6912204FDD4D0042A625 /* Main.storyboard */ = {
			isa = PBXVariantGroup;
			children = (
				6F5F6913204FDD4D0042A625 /* Base */,
			);
			name = Main.storyboard;
			sourceTree = "<group>";
		};
		6F5F6917204FDD4D0042A625 /* LaunchScreen.storyboard */ = {
			isa = PBXVariantGroup;
			children = (
				6F5F6918204FDD4D0042A625 /* Base */,
			);
			name = LaunchScreen.storyboard;
			sourceTree = "<group>";
		};
/* End PBXVariantGroup section */

/* Begin XCBuildConfiguration section */
		6F5F691D204FDD4D0042A625 /* Debug */ = {
			isa = XCBuildConfiguration;
			buildSettings = {
				ALWAYS_SEARCH_USER_PATHS = NO;
				CLANG_ANALYZER_NONNULL = YES;
				CLANG_ANALYZER_NUMBER_OBJECT_CONVERSION = YES_AGGRESSIVE;
				CLANG_CXX_LANGUAGE_STANDARD = "gnu++14";
				CLANG_CXX_LIBRARY = "libc++";
				CLANG_ENABLE_MODULES = YES;
				CLANG_ENABLE_OBJC_ARC = YES;
				CLANG_WARN_BLOCK_CAPTURE_AUTORELEASING = YES;
				CLANG_WARN_BOOL_CONVERSION = YES;
				CLANG_WARN_COMMA = YES;
				CLANG_WARN_CONSTANT_CONVERSION = YES;
				CLANG_WARN_DIRECT_OBJC_ISA_USAGE = YES_ERROR;
				CLANG_WARN_DOCUMENTATION_COMMENTS = YES;
				CLANG_WARN_EMPTY_BODY = YES;
				CLANG_WARN_ENUM_CONVERSION = YES;
				CLANG_WARN_INFINITE_RECURSION = YES;
				CLANG_WARN_INT_CONVERSION = YES;
				CLANG_WARN_NON_LITERAL_NULL_CONVERSION = YES;
				CLANG_WARN_OBJC_LITERAL_CONVERSION = YES;
				CLANG_WARN_OBJC_ROOT_CLASS = YES_ERROR;
				CLANG_WARN_RANGE_LOOP_ANALYSIS = YES;
				CLANG_WARN_STRICT_PROTOTYPES = YES;
				CLANG_WARN_SUSPICIOUS_MOVE = YES;
				CLANG_WARN_UNGUARDED_AVAILABILITY = YES_AGGRESSIVE;
				CLANG_WARN_UNREACHABLE_CODE = YES;
				CLANG_WARN__DUPLICATE_METHOD_MATCH = YES;
				CODE_SIGN_IDENTITY = "iPhone Developer";
				COPY_PHASE_STRIP = NO;
				DEBUG_INFORMATION_FORMAT = dwarf;
				ENABLE_STRICT_OBJC_MSGSEND = YES;
				ENABLE_TESTABILITY = YES;
				GCC_C_LANGUAGE_STANDARD = gnu11;
				GCC_DYNAMIC_NO_PIC = NO;
				GCC_NO_COMMON_BLOCKS = YES;
				GCC_OPTIMIZATION_LEVEL = 0;
				GCC_PREPROCESSOR_DEFINITIONS = (
					"DEBUG=1",
					"$(inherited)",
				);
				GCC_WARN_64_TO_32_BIT_CONVERSION = YES;
				GCC_WARN_ABOUT_RETURN_TYPE = YES_ERROR;
				GCC_WARN_UNDECLARED_SELECTOR = YES;
				GCC_WARN_UNINITIALIZED_AUTOS = YES_AGGRESSIVE;
				GCC_WARN_UNUSED_FUNCTION = YES;
				GCC_WARN_UNUSED_VARIABLE = YES;
				IPHONEOS_DEPLOYMENT_TARGET = 11.2;
				MTL_ENABLE_DEBUG_INFO = YES;
				ONLY_ACTIVE_ARCH = YES;
				SDKROOT = iphoneos;
			};
			name = Debug;
		};
		6F5F691E204FDD4D0042A625 /* Release */ = {
			isa = XCBuildConfiguration;
			buildSettings = {
				ALWAYS_SEARCH_USER_PATHS = NO;
				CLANG_ANALYZER_NONNULL = YES;
				CLANG_ANALYZER_NUMBER_OBJECT_CONVERSION = YES_AGGRESSIVE;
				CLANG_CXX_LANGUAGE_STANDARD = "gnu++14";
				CLANG_CXX_LIBRARY = "libc++";
				CLANG_ENABLE_MODULES = YES;
				CLANG_ENABLE_OBJC_ARC = YES;
				CLANG_WARN_BLOCK_CAPTURE_AUTORELEASING = YES;
				CLANG_WARN_BOOL_CONVERSION = YES;
				CLANG_WARN_COMMA = YES;
				CLANG_WARN_CONSTANT_CONVERSION = YES;
				CLANG_WARN_DIRECT_OBJC_ISA_USAGE = YES_ERROR;
				CLANG_WARN_DOCUMENTATION_COMMENTS = YES;
				CLANG_WARN_EMPTY_BODY = YES;
				CLANG_WARN_ENUM_CONVERSION = YES;
				CLANG_WARN_INFINITE_RECURSION = YES;
				CLANG_WARN_INT_CONVERSION = YES;
				CLANG_WARN_NON_LITERAL_NULL_CONVERSION = YES;
				CLANG_WARN_OBJC_LITERAL_CONVERSION = YES;
				CLANG_WARN_OBJC_ROOT_CLASS = YES_ERROR;
				CLANG_WARN_RANGE_LOOP_ANALYSIS = YES;
				CLANG_WARN_STRICT_PROTOTYPES = YES;
				CLANG_WARN_SUSPICIOUS_MOVE = YES;
				CLANG_WARN_UNGUARDED_AVAILABILITY = YES_AGGRESSIVE;
				CLANG_WARN_UNREACHABLE_CODE = YES;
				CLANG_WARN__DUPLICATE_METHOD_MATCH = YES;
				CODE_SIGN_IDENTITY = "iPhone Developer";
				COPY_PHASE_STRIP = NO;
				DEBUG_INFORMATION_FORMAT = "dwarf-with-dsym";
				ENABLE_NS_ASSERTIONS = NO;
				ENABLE_STRICT_OBJC_MSGSEND = YES;
				GCC_C_LANGUAGE_STANDARD = gnu11;
				GCC_NO_COMMON_BLOCKS = YES;
				GCC_WARN_64_TO_32_BIT_CONVERSION = YES;
				GCC_WARN_ABOUT_RETURN_TYPE = YES_ERROR;
				GCC_WARN_UNDECLARED_SELECTOR = YES;
				GCC_WARN_UNINITIALIZED_AUTOS = YES_AGGRESSIVE;
				GCC_WARN_UNUSED_FUNCTION = YES;
				GCC_WARN_UNUSED_VARIABLE = YES;
				IPHONEOS_DEPLOYMENT_TARGET = 11.2;
				MTL_ENABLE_DEBUG_INFO = NO;
				SDKROOT = iphoneos;
				VALIDATE_PRODUCT = YES;
			};
			name = Release;
		};
		6F5F6920204FDD4D0042A625 /* Debug */ = {
			isa = XCBuildConfiguration;
			buildSettings = {
				ASSETCATALOG_COMPILER_APPICON_NAME = AppIcon;
				CODE_SIGN_ENTITLEMENTS = SampleApp/SampleApp.entitlements;
				CODE_SIGN_IDENTITY = "iPhone Developer";
				CODE_SIGN_STYLE = Manual;
				DEVELOPMENT_TEAM = "";
				ENABLE_BITCODE = NO;
				FRAMEWORK_SEARCH_PATHS = (
					"$(inherited)",
					"$(PROJECT_DIR)",
				);
				INFOPLIST_FILE = SampleApp/Info.plist;
				IPHONEOS_DEPLOYMENT_TARGET = 10.0;
				LD_RUNPATH_SEARCH_PATHS = "$(inherited) @executable_path/Frameworks";
				PRODUCT_BUNDLE_IDENTIFIER = com.example.ios;
				PRODUCT_NAME = "$(TARGET_NAME)";
				PROVISIONING_PROFILE_SPECIFIER = "";
				TARGETED_DEVICE_FAMILY = "1,2";
			};
			name = Debug;
		};
		6F5F6921204FDD4D0042A625 /* Release */ = {
			isa = XCBuildConfiguration;
			buildSettings = {
				ASSETCATALOG_COMPILER_APPICON_NAME = AppIcon;
				CODE_SIGN_ENTITLEMENTS = SampleApp/SampleApp.entitlements;
				CODE_SIGN_IDENTITY = "iPhone Developer";
				CODE_SIGN_STYLE = Manual;
				DEVELOPMENT_TEAM = "";
				ENABLE_BITCODE = NO;
				FRAMEWORK_SEARCH_PATHS = (
					"$(inherited)",
					"$(PROJECT_DIR)",
				);
				INFOPLIST_FILE = SampleApp/Info.plist;
				IPHONEOS_DEPLOYMENT_TARGET = 10.0;
				LD_RUNPATH_SEARCH_PATHS = "$(inherited) @executable_path/Frameworks";
				PRODUCT_BUNDLE_IDENTIFIER = com.example.ios;
				PRODUCT_NAME = "$(TARGET_NAME)";
				PROVISIONING_PROFILE_SPECIFIER = "";
				TARGETED_DEVICE_FAMILY = "1,2";
			};
			name = Release;
		};
/* End XCBuildConfiguration section */

/* Begin XCConfigurationList section */
		6F5F6904204FDD4D0042A625 /* Build configuration list for PBXProject "SampleApp" */ = {
			isa = XCConfigurationList;
			buildConfigurations = (
				6F5F691D204FDD4D0042A625 /* Debug */,
				6F5F691E204FDD4D0042A625 /* Release */,
			);
			defaultConfigurationIsVisible = 0;
			defaultConfigurationName = Release;
		};
		6F5F691F204FDD4D0042A625 /* Build configuration list for PBXNativeTarget "SampleApp" */ = {
			isa = XCConfigurationList;
			buildConfigurations = (
				6F5F6920204FDD4D0042A625 /* Debug */,
				6F5F6921204FDD4D0042A625 /* Release */,
			);
			defaultConfigurationIsVisible = 0;
			defaultConfigurationName = Release;
		};
/* End XCConfigurationList section */
	};
	rootObject = 6F5F6901204FDD4D0042A625 /* Project object */;
}
